// !$*UTF8*$!
{
	archiveVersion = 1;
	classes = {
	};
	objectVersion = 50;
	objects = {

/* Begin PBXBuildFile section */
		1C3B8094228AB14000AEFCFE /* AppDelegate.m in Sources */ = {isa = PBXBuildFile; fileRef = 1C3B8093228AB14000AEFCFE /* AppDelegate.m */; };
		1C3B8097228AB14000AEFCFE /* ViewController.m in Sources */ = {isa = PBXBuildFile; fileRef = 1C3B8096228AB14000AEFCFE /* ViewController.m */; };
		1C3B809A228AB14000AEFCFE /* Main.storyboard in Resources */ = {isa = PBXBuildFile; fileRef = 1C3B8098228AB14000AEFCFE /* Main.storyboard */; };
		1C3B809C228AB14100AEFCFE /* Assets.xcassets in Resources */ = {isa = PBXBuildFile; fileRef = 1C3B809B228AB14100AEFCFE /* Assets.xcassets */; };
		1C3B809F228AB14100AEFCFE /* LaunchScreen.storyboard in Resources */ = {isa = PBXBuildFile; fileRef = 1C3B809D228AB14100AEFCFE /* LaunchScreen.storyboard */; };
		1C3B80A2228AB14100AEFCFE /* main.m in Sources */ = {isa = PBXBuildFile; fileRef = 1C3B80A1228AB14100AEFCFE /* main.m */; };
		1C3B80AB228AB15B00AEFCFE /* README.md in Resources */ = {isa = PBXBuildFile; fileRef = 1C3B80A9228AB15B00AEFCFE /* README.md */; };
		1C3B80AC228AB15B00AEFCFE /* TQLClassifyScrollVC.podspec in Resources */ = {isa = PBXBuildFile; fileRef = 1C3B80AA228AB15B00AEFCFE /* TQLClassifyScrollVC.podspec */; };
		1C3B80B3228ABDE900AEFCFE /* TestVC.m in Sources */ = {isa = PBXBuildFile; fileRef = 1C3B80B2228ABDE900AEFCFE /* TestVC.m */; };
		1C3B80B6228ABF7E00AEFCFE /* TestVC2.m in Sources */ = {isa = PBXBuildFile; fileRef = 1C3B80B5228ABF7E00AEFCFE /* TestVC2.m */; };
		1C7795DC228D755F00247155 /* CustomTableViewCell.m in Sources */ = {isa = PBXBuildFile; fileRef = 1C7795DA228D755F00247155 /* CustomTableViewCell.m */; };
		1C7795DD228D755F00247155 /* CustomTableViewCell.xib in Resources */ = {isa = PBXBuildFile; fileRef = 1C7795DB228D755F00247155 /* CustomTableViewCell.xib */; };
		1C7795E1228D800300247155 /* CustomTableViewCell2.m in Sources */ = {isa = PBXBuildFile; fileRef = 1C7795DF228D800300247155 /* CustomTableViewCell2.m */; };
		1C7795E2228D800300247155 /* CustomTableViewCell2.xib in Resources */ = {isa = PBXBuildFile; fileRef = 1C7795E0228D800300247155 /* CustomTableViewCell2.xib */; };
		7B44118CF4E359169CE2EB3B /* libPods-TQLClassifyScrollVCDemo.a in Frameworks */ = {isa = PBXBuildFile; fileRef = E811C99992F8B4BCAAE21976 /* libPods-TQLClassifyScrollVCDemo.a */; };
/* End PBXBuildFile section */

/* Begin PBXFileReference section */
		1C3B808F228AB14000AEFCFE /* TQLClassifyScrollVCDemo.app */ = {isa = PBXFileReference; explicitFileType = wrapper.application; includeInIndex = 0; path = TQLClassifyScrollVCDemo.app; sourceTree = BUILT_PRODUCTS_DIR; };
		1C3B8092228AB14000AEFCFE /* AppDelegate.h */ = {isa = PBXFileReference; lastKnownFileType = sourcecode.c.h; path = AppDelegate.h; sourceTree = "<group>"; };
		1C3B8093228AB14000AEFCFE /* AppDelegate.m */ = {isa = PBXFileReference; lastKnownFileType = sourcecode.c.objc; path = AppDelegate.m; sourceTree = "<group>"; };
		1C3B8095228AB14000AEFCFE /* ViewController.h */ = {isa = PBXFileReference; lastKnownFileType = sourcecode.c.h; path = ViewController.h; sourceTree = "<group>"; };
		1C3B8096228AB14000AEFCFE /* ViewController.m */ = {isa = PBXFileReference; lastKnownFileType = sourcecode.c.objc; path = ViewController.m; sourceTree = "<group>"; };
		1C3B8099228AB14000AEFCFE /* Base */ = {isa = PBXFileReference; lastKnownFileType = file.storyboard; name = Base; path = Base.lproj/Main.storyboard; sourceTree = "<group>"; };
		1C3B809B228AB14100AEFCFE /* Assets.xcassets */ = {isa = PBXFileReference; lastKnownFileType = folder.assetcatalog; path = Assets.xcassets; sourceTree = "<group>"; };
		1C3B809E228AB14100AEFCFE /* Base */ = {isa = PBXFileReference; lastKnownFileType = file.storyboard; name = Base; path = Base.lproj/LaunchScreen.storyboard; sourceTree = "<group>"; };
		1C3B80A0228AB14100AEFCFE /* Info.plist */ = {isa = PBXFileReference; lastKnownFileType = text.plist.xml; path = Info.plist; sourceTree = "<group>"; };
		1C3B80A1228AB14100AEFCFE /* main.m */ = {isa = PBXFileReference; lastKnownFileType = sourcecode.c.objc; path = main.m; sourceTree = "<group>"; };
		1C3B80A9228AB15B00AEFCFE /* README.md */ = {isa = PBXFileReference; fileEncoding = 4; lastKnownFileType = net.daringfireball.markdown; name = README.md; path = ../README.md; sourceTree = "<group>"; };
		1C3B80AA228AB15B00AEFCFE /* TQLClassifyScrollVC.podspec */ = {isa = PBXFileReference; fileEncoding = 4; lastKnownFileType = text; name = TQLClassifyScrollVC.podspec; path = ../TQLClassifyScrollVC.podspec; sourceTree = "<group>"; };
		1C3B80B1228ABDE900AEFCFE /* TestVC.h */ = {isa = PBXFileReference; lastKnownFileType = sourcecode.c.h; path = TestVC.h; sourceTree = "<group>"; };
		1C3B80B2228ABDE900AEFCFE /* TestVC.m */ = {isa = PBXFileReference; lastKnownFileType = sourcecode.c.objc; path = TestVC.m; sourceTree = "<group>"; };
		1C3B80B4228ABF7E00AEFCFE /* TestVC2.h */ = {isa = PBXFileReference; lastKnownFileType = sourcecode.c.h; path = TestVC2.h; sourceTree = "<group>"; };
		1C3B80B5228ABF7E00AEFCFE /* TestVC2.m */ = {isa = PBXFileReference; lastKnownFileType = sourcecode.c.objc; path = TestVC2.m; sourceTree = "<group>"; };
		1C7795D9228D755F00247155 /* CustomTableViewCell.h */ = {isa = PBXFileReference; lastKnownFileType = sourcecode.c.h; path = CustomTableViewCell.h; sourceTree = "<group>"; };
		1C7795DA228D755F00247155 /* CustomTableViewCell.m */ = {isa = PBXFileReference; lastKnownFileType = sourcecode.c.objc; path = CustomTableViewCell.m; sourceTree = "<group>"; };
		1C7795DB228D755F00247155 /* CustomTableViewCell.xib */ = {isa = PBXFileReference; lastKnownFileType = file.xib; path = CustomTableViewCell.xib; sourceTree = "<group>"; };
		1C7795DE228D800300247155 /* CustomTableViewCell2.h */ = {isa = PBXFileReference; lastKnownFileType = sourcecode.c.h; path = CustomTableViewCell2.h; sourceTree = "<group>"; };
		1C7795DF228D800300247155 /* CustomTableViewCell2.m */ = {isa = PBXFileReference; lastKnownFileType = sourcecode.c.objc; path = CustomTableViewCell2.m; sourceTree = "<group>"; };
		1C7795E0228D800300247155 /* CustomTableViewCell2.xib */ = {isa = PBXFileReference; lastKnownFileType = file.xib; path = CustomTableViewCell2.xib; sourceTree = "<group>"; };
		548A8F9C097B2EB84381F7A7 /* Pods-TQLClassifyScrollVCDemo.release.xcconfig */ = {isa = PBXFileReference; includeInIndex = 1; lastKnownFileType = text.xcconfig; name = "Pods-TQLClassifyScrollVCDemo.release.xcconfig"; path = "Target Support Files/Pods-TQLClassifyScrollVCDemo/Pods-TQLClassifyScrollVCDemo.release.xcconfig"; sourceTree = "<group>"; };
		A5259CEA601720A00343BBC0 /* Pods-TQLClassifyScrollVCDemo.debug.xcconfig */ = {isa = PBXFileReference; includeInIndex = 1; lastKnownFileType = text.xcconfig; name = "Pods-TQLClassifyScrollVCDemo.debug.xcconfig"; path = "Target Support Files/Pods-TQLClassifyScrollVCDemo/Pods-TQLClassifyScrollVCDemo.debug.xcconfig"; sourceTree = "<group>"; };
		E811C99992F8B4BCAAE21976 /* libPods-TQLClassifyScrollVCDemo.a */ = {isa = PBXFileReference; explicitFileType = archive.ar; includeInIndex = 0; path = "libPods-TQLClassifyScrollVCDemo.a"; sourceTree = BUILT_PRODUCTS_DIR; };
/* End PBXFileReference section */

/* Begin PBXFrameworksBuildPhase section */
		1C3B808C228AB14000AEFCFE /* Frameworks */ = {
			isa = PBXFrameworksBuildPhase;
			buildActionMask = 2147483647;
			files = (
				7B44118CF4E359169CE2EB3B /* libPods-TQLClassifyScrollVCDemo.a in Frameworks */,
			);
			runOnlyForDeploymentPostprocessing = 0;
		};
/* End PBXFrameworksBuildPhase section */

/* Begin PBXGroup section */
		1C3B8086228AB14000AEFCFE = {
			isa = PBXGroup;
			children = (
				1C3B80A8228AB14E00AEFCFE /* Spec */,
				1C3B8091228AB14000AEFCFE /* TQLClassifyScrollVCDemo */,
				1C3B8090228AB14000AEFCFE /* Products */,
				AE025EB6CB99C4B3A68C7DFC /* Pods */,
				EB89E7CE951AA1E23D102CD3 /* Frameworks */,
			);
			sourceTree = "<group>";
		};
		1C3B8090228AB14000AEFCFE /* Products */ = {
			isa = PBXGroup;
			children = (
				1C3B808F228AB14000AEFCFE /* TQLClassifyScrollVCDemo.app */,
			);
			name = Products;
			sourceTree = "<group>";
		};
		1C3B8091228AB14000AEFCFE /* TQLClassifyScrollVCDemo */ = {
			isa = PBXGroup;
			children = (
				1C3B8092228AB14000AEFCFE /* AppDelegate.h */,
				1C3B8093228AB14000AEFCFE /* AppDelegate.m */,
				1C3B8095228AB14000AEFCFE /* ViewController.h */,
				1C3B8096228AB14000AEFCFE /* ViewController.m */,
				1C7795D9228D755F00247155 /* CustomTableViewCell.h */,
				1C7795DA228D755F00247155 /* CustomTableViewCell.m */,
				1C7795DB228D755F00247155 /* CustomTableViewCell.xib */,
				1C7795DE228D800300247155 /* CustomTableViewCell2.h */,
				1C7795DF228D800300247155 /* CustomTableViewCell2.m */,
				1C7795E0228D800300247155 /* CustomTableViewCell2.xib */,
				1C3B80B1228ABDE900AEFCFE /* TestVC.h */,
				1C3B80B2228ABDE900AEFCFE /* TestVC.m */,
				1C3B80B4228ABF7E00AEFCFE /* TestVC2.h */,
				1C3B80B5228ABF7E00AEFCFE /* TestVC2.m */,
				1C3B8098228AB14000AEFCFE /* Main.storyboard */,
				1C3B809B228AB14100AEFCFE /* Assets.xcassets */,
				1C3B809D228AB14100AEFCFE /* LaunchScreen.storyboard */,
				1C3B80A0228AB14100AEFCFE /* Info.plist */,
				1C3B80A1228AB14100AEFCFE /* main.m */,
			);
			path = TQLClassifyScrollVCDemo;
			sourceTree = "<group>";
		};
		1C3B80A8228AB14E00AEFCFE /* Spec */ = {
			isa = PBXGroup;
			children = (
				1C3B80A9228AB15B00AEFCFE /* README.md */,
				1C3B80AA228AB15B00AEFCFE /* TQLClassifyScrollVC.podspec */,
			);
			name = Spec;
			sourceTree = "<group>";
		};
		AE025EB6CB99C4B3A68C7DFC /* Pods */ = {
			isa = PBXGroup;
			children = (
				A5259CEA601720A00343BBC0 /* Pods-TQLClassifyScrollVCDemo.debug.xcconfig */,
				548A8F9C097B2EB84381F7A7 /* Pods-TQLClassifyScrollVCDemo.release.xcconfig */,
			);
			path = Pods;
			sourceTree = "<group>";
		};
		EB89E7CE951AA1E23D102CD3 /* Frameworks */ = {
			isa = PBXGroup;
			children = (
				E811C99992F8B4BCAAE21976 /* libPods-TQLClassifyScrollVCDemo.a */,
			);
			name = Frameworks;
			sourceTree = "<group>";
		};
/* End PBXGroup section */

/* Begin PBXNativeTarget section */
		1C3B808E228AB14000AEFCFE /* TQLClassifyScrollVCDemo */ = {
			isa = PBXNativeTarget;
			buildConfigurationList = 1C3B80A5228AB14100AEFCFE /* Build configuration list for PBXNativeTarget "TQLClassifyScrollVCDemo" */;
			buildPhases = (
				D547F3A9197F2B664873AE8B /* [CP] Check Pods Manifest.lock */,
				1C3B808B228AB14000AEFCFE /* Sources */,
				1C3B808C228AB14000AEFCFE /* Frameworks */,
				1C3B808D228AB14000AEFCFE /* Resources */,
				F547CA5CC83E10DEB1F9B24D /* [CP] Copy Pods Resources */,
			);
			buildRules = (
			);
			dependencies = (
			);
			name = TQLClassifyScrollVCDemo;
			productName = TQLClassifyScrollVCDemo;
			productReference = 1C3B808F228AB14000AEFCFE /* TQLClassifyScrollVCDemo.app */;
			productType = "com.apple.product-type.application";
		};
/* End PBXNativeTarget section */

/* Begin PBXProject section */
		1C3B8087228AB14000AEFCFE /* Project object */ = {
			isa = PBXProject;
			attributes = {
				LastUpgradeCheck = 1010;
				ORGANIZATIONNAME = edu24ol;
				TargetAttributes = {
					1C3B808E228AB14000AEFCFE = {
						CreatedOnToolsVersion = 10.1;
					};
				};
			};
			buildConfigurationList = 1C3B808A228AB14000AEFCFE /* Build configuration list for PBXProject "TQLClassifyScrollVCDemo" */;
			compatibilityVersion = "Xcode 9.3";
			developmentRegion = en;
			hasScannedForEncodings = 0;
			knownRegions = (
				en,
				Base,
			);
			mainGroup = 1C3B8086228AB14000AEFCFE;
			productRefGroup = 1C3B8090228AB14000AEFCFE /* Products */;
			projectDirPath = "";
			projectRoot = "";
			targets = (
				1C3B808E228AB14000AEFCFE /* TQLClassifyScrollVCDemo */,
			);
		};
/* End PBXProject section */

/* Begin PBXResourcesBuildPhase section */
		1C3B808D228AB14000AEFCFE /* Resources */ = {
			isa = PBXResourcesBuildPhase;
			buildActionMask = 2147483647;
			files = (
				1C7795E2228D800300247155 /* CustomTableViewCell2.xib in Resources */,
				1C3B809F228AB14100AEFCFE /* LaunchScreen.storyboard in Resources */,
				1C3B809C228AB14100AEFCFE /* Assets.xcassets in Resources */,
				1C7795DD228D755F00247155 /* CustomTableViewCell.xib in Resources */,
				1C3B80AC228AB15B00AEFCFE /* TQLClassifyScrollVC.podspec in Resources */,
				1C3B80AB228AB15B00AEFCFE /* README.md in Resources */,
				1C3B809A228AB14000AEFCFE /* Main.storyboard in Resources */,
			);
			runOnlyForDeploymentPostprocessing = 0;
		};
/* End PBXResourcesBuildPhase section */

/* Begin PBXShellScriptBuildPhase section */
		D547F3A9197F2B664873AE8B /* [CP] Check Pods Manifest.lock */ = {
			isa = PBXShellScriptBuildPhase;
			buildActionMask = 2147483647;
			files = (
			);
			inputFileListPaths = (
			);
			inputPaths = (
				"${PODS_PODFILE_DIR_PATH}/Podfile.lock",
				"${PODS_ROOT}/Manifest.lock",
			);
			name = "[CP] Check Pods Manifest.lock";
			outputFileListPaths = (
			);
			outputPaths = (
				"$(DERIVED_FILE_DIR)/Pods-TQLClassifyScrollVCDemo-checkManifestLockResult.txt",
			);
			runOnlyForDeploymentPostprocessing = 0;
			shellPath = /bin/sh;
			shellScript = "diff \"${PODS_PODFILE_DIR_PATH}/Podfile.lock\" \"${PODS_ROOT}/Manifest.lock\" > /dev/null\nif [ $? != 0 ] ; then\n    # print error to STDERR\n    echo \"error: The sandbox is not in sync with the Podfile.lock. Run 'pod install' or update your CocoaPods installation.\" >&2\n    exit 1\nfi\n# This output is used by Xcode 'outputs' to avoid re-running this script phase.\necho \"SUCCESS\" > \"${SCRIPT_OUTPUT_FILE_0}\"\n";
			showEnvVarsInLog = 0;
		};
		F547CA5CC83E10DEB1F9B24D /* [CP] Copy Pods Resources */ = {
			isa = PBXShellScriptBuildPhase;
			buildActionMask = 2147483647;
			files = (
			);
			inputFileListPaths = (
			);
			inputPaths = (
				"${PODS_ROOT}/Target Support Files/Pods-TQLClassifyScrollVCDemo/Pods-TQLClassifyScrollVCDemo-resources.sh",
				"${PODS_ROOT}/MJRefresh/MJRefresh/MJRefresh.bundle",
				"${PODS_ROOT}/TQLClassifyScrollVC/TQLClassifyScrollVC/Resources/Media.xcassets",
			);
			name = "[CP] Copy Pods Resources";
			outputFileListPaths = (
			);
			outputPaths = (
				"${TARGET_BUILD_DIR}/${UNLOCALIZED_RESOURCES_FOLDER_PATH}/MJRefresh.bundle",
				"${TARGET_BUILD_DIR}/${UNLOCALIZED_RESOURCES_FOLDER_PATH}/Assets.car",
			);
			runOnlyForDeploymentPostprocessing = 0;
			shellPath = /bin/sh;
			shellScript = "\"${PODS_ROOT}/Target Support Files/Pods-TQLClassifyScrollVCDemo/Pods-TQLClassifyScrollVCDemo-resources.sh\"\n";
			showEnvVarsInLog = 0;
		};
/* End PBXShellScriptBuildPhase section */

/* Begin PBXSourcesBuildPhase section */
		1C3B808B228AB14000AEFCFE /* Sources */ = {
			isa = PBXSourcesBuildPhase;
			buildActionMask = 2147483647;
			files = (
				1C3B80B6228ABF7E00AEFCFE /* TestVC2.m in Sources */,
				1C3B80B3228ABDE900AEFCFE /* TestVC.m in Sources */,
				1C7795DC228D755F00247155 /* CustomTableViewCell.m in Sources */,
				1C3B8097228AB14000AEFCFE /* ViewController.m in Sources */,
				1C7795E1228D800300247155 /* CustomTableViewCell2.m in Sources */,
				1C3B80A2228AB14100AEFCFE /* main.m in Sources */,
				1C3B8094228AB14000AEFCFE /* AppDelegate.m in Sources */,
			);
			runOnlyForDeploymentPostprocessing = 0;
		};
/* End PBXSourcesBuildPhase section */

/* Begin PBXVariantGroup section */
		1C3B8098228AB14000AEFCFE /* Main.storyboard */ = {
			isa = PBXVariantGroup;
			children = (
				1C3B8099228AB14000AEFCFE /* Base */,
			);
			name = Main.storyboard;
			sourceTree = "<group>";
		};
		1C3B809D228AB14100AEFCFE /* LaunchScreen.storyboard */ = {
			isa = PBXVariantGroup;
			children = (
				1C3B809E228AB14100AEFCFE /* Base */,
			);
			name = LaunchScreen.storyboard;
			sourceTree = "<group>";
		};
/* End PBXVariantGroup section */

/* Begin XCBuildConfiguration section */
		1C3B80A3228AB14100AEFCFE /* Debug */ = {
			isa = XCBuildConfiguration;
			buildSettings = {
				ALWAYS_SEARCH_USER_PATHS = NO;
				CLANG_ANALYZER_NONNULL = YES;
				CLANG_ANALYZER_NUMBER_OBJECT_CONVERSION = YES_AGGRESSIVE;
				CLANG_CXX_LANGUAGE_STANDARD = "gnu++14";
				CLANG_CXX_LIBRARY = "libc++";
				CLANG_ENABLE_MODULES = YES;
				CLANG_ENABLE_OBJC_ARC = YES;
				CLANG_ENABLE_OBJC_WEAK = YES;
				CLANG_WARN_BLOCK_CAPTURE_AUTORELEASING = YES;
				CLANG_WARN_BOOL_CONVERSION = YES;
				CLANG_WARN_COMMA = YES;
				CLANG_WARN_CONSTANT_CONVERSION = YES;
				CLANG_WARN_DEPRECATED_OBJC_IMPLEMENTATIONS = YES;
				CLANG_WARN_DIRECT_OBJC_ISA_USAGE = YES_ERROR;
				CLANG_WARN_DOCUMENTATION_COMMENTS = YES;
				CLANG_WARN_EMPTY_BODY = YES;
				CLANG_WARN_ENUM_CONVERSION = YES;
				CLANG_WARN_INFINITE_RECURSION = YES;
				CLANG_WARN_INT_CONVERSION = YES;
				CLANG_WARN_NON_LITERAL_NULL_CONVERSION = YES;
				CLANG_WARN_OBJC_IMPLICIT_RETAIN_SELF = YES;
				CLANG_WARN_OBJC_LITERAL_CONVERSION = YES;
				CLANG_WARN_OBJC_ROOT_CLASS = YES_ERROR;
				CLANG_WARN_RANGE_LOOP_ANALYSIS = YES;
				CLANG_WARN_STRICT_PROTOTYPES = YES;
				CLANG_WARN_SUSPICIOUS_MOVE = YES;
				CLANG_WARN_UNGUARDED_AVAILABILITY = YES_AGGRESSIVE;
				CLANG_WARN_UNREACHABLE_CODE = YES;
				CLANG_WARN__DUPLICATE_METHOD_MATCH = YES;
				CODE_SIGN_IDENTITY = "iPhone Developer";
				COPY_PHASE_STRIP = NO;
				DEBUG_INFORMATION_FORMAT = dwarf;
				ENABLE_STRICT_OBJC_MSGSEND = YES;
				ENABLE_TESTABILITY = YES;
				GCC_C_LANGUAGE_STANDARD = gnu11;
				GCC_DYNAMIC_NO_PIC = NO;
				GCC_NO_COMMON_BLOCKS = YES;
				GCC_OPTIMIZATION_LEVEL = 0;
				GCC_PREPROCESSOR_DEFINITIONS = (
					"DEBUG=1",
					"$(inherited)",
				);
				GCC_WARN_64_TO_32_BIT_CONVERSION = YES;
				GCC_WARN_ABOUT_RETURN_TYPE = YES_ERROR;
				GCC_WARN_UNDECLARED_SELECTOR = YES;
				GCC_WARN_UNINITIALIZED_AUTOS = YES_AGGRESSIVE;
				GCC_WARN_UNUSED_FUNCTION = YES;
				GCC_WARN_UNUSED_VARIABLE = YES;
				IPHONEOS_DEPLOYMENT_TARGET = 12.1;
				MTL_ENABLE_DEBUG_INFO = INCLUDE_SOURCE;
				MTL_FAST_MATH = YES;
				ONLY_ACTIVE_ARCH = YES;
				SDKROOT = iphoneos;
			};
			name = Debug;
		};
		1C3B80A4228AB14100AEFCFE /* Release */ = {
			isa = XCBuildConfiguration;
			buildSettings = {
				ALWAYS_SEARCH_USER_PATHS = NO;
				CLANG_ANALYZER_NONNULL = YES;
				CLANG_ANALYZER_NUMBER_OBJECT_CONVERSION = YES_AGGRESSIVE;
				CLANG_CXX_LANGUAGE_STANDARD = "gnu++14";
				CLANG_CXX_LIBRARY = "libc++";
				CLANG_ENABLE_MODULES = YES;
				CLANG_ENABLE_OBJC_ARC = YES;
				CLANG_ENABLE_OBJC_WEAK = YES;
				CLANG_WARN_BLOCK_CAPTURE_AUTORELEASING = YES;
				CLANG_WARN_BOOL_CONVERSION = YES;
				CLANG_WARN_COMMA = YES;
				CLANG_WARN_CONSTANT_CONVERSION = YES;
				CLANG_WARN_DEPRECATED_OBJC_IMPLEMENTATIONS = YES;
				CLANG_WARN_DIRECT_OBJC_ISA_USAGE = YES_ERROR;
				CLANG_WARN_DOCUMENTATION_COMMENTS = YES;
				CLANG_WARN_EMPTY_BODY = YES;
				CLANG_WARN_ENUM_CONVERSION = YES;
				CLANG_WARN_INFINITE_RECURSION = YES;
				CLANG_WARN_INT_CONVERSION = YES;
				CLANG_WARN_NON_LITERAL_NULL_CONVERSION = YES;
				CLANG_WARN_OBJC_IMPLICIT_RETAIN_SELF = YES;
				CLANG_WARN_OBJC_LITERAL_CONVERSION = YES;
				CLANG_WARN_OBJC_ROOT_CLASS = YES_ERROR;
				CLANG_WARN_RANGE_LOOP_ANALYSIS = YES;
				CLANG_WARN_STRICT_PROTOTYPES = YES;
				CLANG_WARN_SUSPICIOUS_MOVE = YES;
				CLANG_WARN_UNGUARDED_AVAILABILITY = YES_AGGRESSIVE;
				CLANG_WARN_UNREACHABLE_CODE = YES;
				CLANG_WARN__DUPLICATE_METHOD_MATCH = YES;
				CODE_SIGN_IDENTITY = "iPhone Developer";
				COPY_PHASE_STRIP = NO;
				DEBUG_INFORMATION_FORMAT = "dwarf-with-dsym";
				ENABLE_NS_ASSERTIONS = NO;
				ENABLE_STRICT_OBJC_MSGSEND = YES;
				GCC_C_LANGUAGE_STANDARD = gnu11;
				GCC_NO_COMMON_BLOCKS = YES;
				GCC_WARN_64_TO_32_BIT_CONVERSION = YES;
				GCC_WARN_ABOUT_RETURN_TYPE = YES_ERROR;
				GCC_WARN_UNDECLARED_SELECTOR = YES;
				GCC_WARN_UNINITIALIZED_AUTOS = YES_AGGRESSIVE;
				GCC_WARN_UNUSED_FUNCTION = YES;
				GCC_WARN_UNUSED_VARIABLE = YES;
				IPHONEOS_DEPLOYMENT_TARGET = 12.1;
				MTL_ENABLE_DEBUG_INFO = NO;
				MTL_FAST_MATH = YES;
				SDKROOT = iphoneos;
				VALIDATE_PRODUCT = YES;
			};
			name = Release;
		};
		1C3B80A6228AB14100AEFCFE /* Debug */ = {
			isa = XCBuildConfiguration;
			baseConfigurationReference = A5259CEA601720A00343BBC0 /* Pods-TQLClassifyScrollVCDemo.debug.xcconfig */;
			buildSettings = {
				ASSETCATALOG_COMPILER_APPICON_NAME = AppIcon;
				CODE_SIGN_STYLE = Automatic;
				DEVELOPMENT_TEAM = 76JSPN4743;
				INFOPLIST_FILE = TQLClassifyScrollVCDemo/Info.plist;
				LD_RUNPATH_SEARCH_PATHS = (
					"$(inherited)",
					"@executable_path/Frameworks",
				);
				PRODUCT_BUNDLE_IDENTIFIER = com.edu24ol.TQLClassifyScrollVCDemo;
				PRODUCT_NAME = "$(TARGET_NAME)";
				TARGETED_DEVICE_FAMILY = "1,2";
			};
			name = Debug;
		};
		1C3B80A7228AB14100AEFCFE /* Release */ = {
			isa = XCBuildConfiguration;
			baseConfigurationReference = 548A8F9C097B2EB84381F7A7 /* Pods-TQLClassifyScrollVCDemo.release.xcconfig */;
			buildSettings = {
				ASSETCATALOG_COMPILER_APPICON_NAME = AppIcon;
				CODE_SIGN_STYLE = Automatic;
				DEVELOPMENT_TEAM = 76JSPN4743;
				INFOPLIST_FILE = TQLClassifyScrollVCDemo/Info.plist;
				LD_RUNPATH_SEARCH_PATHS = (
					"$(inherited)",
					"@executable_path/Frameworks",
				);
				PRODUCT_BUNDLE_IDENTIFIER = com.edu24ol.TQLClassifyScrollVCDemo;
				PRODUCT_NAME = "$(TARGET_NAME)";
				TARGETED_DEVICE_FAMILY = "1,2";
			};
			name = Release;
		};
/* End XCBuildConfiguration section */

/* Begin XCConfigurationList section */
		1C3B808A228AB14000AEFCFE /* Build configuration list for PBXProject "TQLClassifyScrollVCDemo" */ = {
			isa = XCConfigurationList;
			buildConfigurations = (
				1C3B80A3228AB14100AEFCFE /* Debug */,
				1C3B80A4228AB14100AEFCFE /* Release */,
			);
			defaultConfigurationIsVisible = 0;
			defaultConfigurationName = Release;
		};
		1C3B80A5228AB14100AEFCFE /* Build configuration list for PBXNativeTarget "TQLClassifyScrollVCDemo" */ = {
			isa = XCConfigurationList;
			buildConfigurations = (
				1C3B80A6228AB14100AEFCFE /* Debug */,
				1C3B80A7228AB14100AEFCFE /* Release */,
			);
			defaultConfigurationIsVisible = 0;
			defaultConfigurationName = Release;
		};
/* End XCConfigurationList section */
	};
	rootObject = 1C3B8087228AB14000AEFCFE /* Project object */;
}
